
Microsoft Visual Studio Solution File, Format Version 12.00
# Visual Studio Version 17
VisualStudioVersion = 17.14.36301.6 d17.14
MinimumVisualStudioVersion = 10.0.40219.1
Project("{FAE04EC0-301F-11D3-BF4B-00C04F79EFBC}") = "TaskTracker", "TaskTracker\TaskTracker.csproj", "{47D784CD-98D1-47B7-AABE-4A4D5642A2A4}"
EndProject
Global
	GlobalSection(SolutionConfigurationPlatforms) = preSolution
		Debug|Any CPU = Debug|Any CPU
		Release|Any CPU = Release|Any CPU
	EndGlobalSection
	GlobalSection(ProjectConfigurationPlatforms) = postSolution
		{47D784CD-98D1-47B7-AABE-4A4D5642A2A4}.Debug|Any CPU.ActiveCfg = Debug|Any CPU
		{47D784CD-98D1-47B7-AABE-4A4D5642A2A4}.Debug|Any CPU.Build.0 = Debug|Any CPU
		{47D784CD-98D1-47B7-AABE-4A4D5642A2A4}.Release|Any CPU.ActiveCfg = Release|Any CPU
		{47D784CD-98D1-47B7-AABE-4A4D5642A2A4}.Release|Any CPU.Build.0 = Release|Any CPU
	EndGlobalSection
	GlobalSection(SolutionProperties) = preSolution
		HideSolutionNode = FALSE
	EndGlobalSection
	GlobalSection(ExtensibilityGlobals) = postSolution
		SolutionGuid = {6A53EFF3-7543-4AA7-8AD9-D3F6CA69C529}
	EndGlobalSection
EndGlobal
